
Microsoft Visual Studio Solution File, Format Version 12.00
# Visual Studio Version 17
VisualStudioVersion = 17.14.36518.9
MinimumVisualStudioVersion = 10.0.40219.1
Project("{FAE04EC0-301F-11D3-BF4B-00C04F79EFBC}") = "ToDoList.Server", "ToDoList.Server\ToDoList.Server.csproj", "{8FC24E6E-33AF-C9F6-9107-D4DCB5B63FB3}"
EndProject
Project("{FAE04EC0-301F-11D3-BF4B-00C04F79EFBC}") = "Models", "Models\Models.csproj", "{262C6A48-AE34-D77E-44A9-AF0CD30983F0}"
EndProject
Project("{FAE04EC0-301F-11D3-BF4B-00C04F79EFBC}") = "DBServer", "DBServer\DBServer.csproj", "{ACE3A328-AE61-2DA5-E16B-391F36CB8100}"
EndProject
Project("{E24C65DC-7377-472B-9ABA-BC803B73C61A}") = "ClientApp", "ClientApp\", "{AC014D01-BB68-719C-0E66-093897CD85AD}"
	ProjectSection(WebsiteProperties) = preProject
		TargetFrameworkMoniker = ".NETFramework,Version%3Dv4.0"
		Debug.AspNetCompiler.VirtualPath = "/localhost_62944"
		Debug.AspNetCompiler.PhysicalPath = "ClientApp\"
		Debug.AspNetCompiler.TargetPath = "PrecompiledWeb\localhost_62944\"
		Debug.AspNetCompiler.Updateable = "true"
		Debug.AspNetCompiler.ForceOverwrite = "true"
		Debug.AspNetCompiler.FixedNames = "false"
		Debug.AspNetCompiler.Debug = "True"
		Release.AspNetCompiler.VirtualPath = "/localhost_62944"
		Release.AspNetCompiler.PhysicalPath = "ClientApp\"
		Release.AspNetCompiler.TargetPath = "PrecompiledWeb\localhost_62944\"
		Release.AspNetCompiler.Updateable = "true"
		Release.AspNetCompiler.ForceOverwrite = "true"
		Release.AspNetCompiler.FixedNames = "false"
		Release.AspNetCompiler.Debug = "False"
		VWDPort = "62944"
		SlnRelativePath = "ClientApp\"
	EndProjectSection
EndProject
Global
	GlobalSection(SolutionConfigurationPlatforms) = preSolution
		Debug|Any CPU = Debug|Any CPU
		Release|Any CPU = Release|Any CPU
	EndGlobalSection
	GlobalSection(ProjectConfigurationPlatforms) = postSolution
		{8FC24E6E-33AF-C9F6-9107-D4DCB5B63FB3}.Debug|Any CPU.ActiveCfg = Debug|Any CPU
		{8FC24E6E-33AF-C9F6-9107-D4DCB5B63FB3}.Debug|Any CPU.Build.0 = Debug|Any CPU
		{8FC24E6E-33AF-C9F6-9107-D4DCB5B63FB3}.Release|Any CPU.ActiveCfg = Release|Any CPU
		{8FC24E6E-33AF-C9F6-9107-D4DCB5B63FB3}.Release|Any CPU.Build.0 = Release|Any CPU
		{262C6A48-AE34-D77E-44A9-AF0CD30983F0}.Debug|Any CPU.ActiveCfg = Debug|Any CPU
		{262C6A48-AE34-D77E-44A9-AF0CD30983F0}.Debug|Any CPU.Build.0 = Debug|Any CPU
		{262C6A48-AE34-D77E-44A9-AF0CD30983F0}.Release|Any CPU.ActiveCfg = Release|Any CPU
		{262C6A48-AE34-D77E-44A9-AF0CD30983F0}.Release|Any CPU.Build.0 = Release|Any CPU
		{ACE3A328-AE61-2DA5-E16B-391F36CB8100}.Debug|Any CPU.ActiveCfg = Debug|Any CPU
		{ACE3A328-AE61-2DA5-E16B-391F36CB8100}.Debug|Any CPU.Build.0 = Debug|Any CPU
		{ACE3A328-AE61-2DA5-E16B-391F36CB8100}.Release|Any CPU.ActiveCfg = Release|Any CPU
		{ACE3A328-AE61-2DA5-E16B-391F36CB8100}.Release|Any CPU.Build.0 = Release|Any CPU
		{AC014D01-BB68-719C-0E66-093897CD85AD}.Debug|Any CPU.ActiveCfg = Debug|Any CPU
		{AC014D01-BB68-719C-0E66-093897CD85AD}.Debug|Any CPU.Build.0 = Debug|Any CPU
		{AC014D01-BB68-719C-0E66-093897CD85AD}.Release|Any CPU.ActiveCfg = Debug|Any CPU
		{AC014D01-BB68-719C-0E66-093897CD85AD}.Release|Any CPU.Build.0 = Debug|Any CPU
	EndGlobalSection
	GlobalSection(SolutionProperties) = preSolution
		HideSolutionNode = FALSE
	EndGlobalSection
	GlobalSection(ExtensibilityGlobals) = postSolution
		SolutionGuid = {2A82360E-BB21-4F57-95E8-97ACFDDEAC2F}
	EndGlobalSection
EndGlobal
